<?xml version="1.0" encoding="utf-8"?>
<Project ToolsVersion="4.0" xmlns="http://schemas.microsoft.com/developer/msbuild/2003">
  <ItemGroup>
    <Filter Include="源文件">
      <UniqueIdentifier>{4FC737F1-C7A5-4376-A066-2A32D752A2FF}</UniqueIdentifier>
      <Extensions>cpp;c;cc;cxx;c++;cppm;ixx;def;odl;idl;hpj;bat;asm;asmx</Extensions>
    </Filter>
    <Filter Include="头文件">
      <UniqueIdentifier>{93995380-89BD-4b04-88EB-625FBE52EBFB}</UniqueIdentifier>
      <Extensions>h;hh;hpp;hxx;h++;hm;inl;inc;ipp;xsd</Extensions>
    </Filter>
    <Filter Include="资源文件">
      <UniqueIdentifier>{67DA6AB6-F800-4c08-8B7A-83BB121AAD01}</UniqueIdentifier>
      <Extensions>rc;ico;cur;bmp;dlg;rc2;rct;bin;rgs;gif;jpg;jpeg;jpe;resx;tiff;tif;png;wav;mfcribbon-ms</Extensions>
    </Filter>
    <Filter Include="源文件\AutoMem">
      <UniqueIdentifier>{c300aaee-4989-4e8f-9af5-42a79eede4fb}</UniqueIdentifier>
    </Filter>
    <Filter Include="头文件\AutoMem">
      <UniqueIdentifier>{020cd244-20ac-434d-a32a-205cb24cff72}</UniqueIdentifier>
    </Filter>
    <Filter Include="头文件\NewObject">
      <UniqueIdentifier>{db5ae0b1-27ad-4389-b6e2-030c4df01747}</UniqueIdentifier>
    </Filter>
    <Filter Include="源文件\NewObject">
      <UniqueIdentifier>{6f8f6b0e-74ad-4392-9689-2a58bdbb2ffd}</UniqueIdentifier>
    </Filter>
  </ItemGroup>
  <ItemGroup>
    <ClCompile Include="main.cpp">
      <Filter>源文件</Filter>
    </ClCompile>
    <ClCompile Include="AutoMem\LetArrayMotion.cpp">
      <Filter>源文件\AutoMem</Filter>
    </ClCompile>
    <ClCompile Include="AutoMem\LetManager.cpp">
      <Filter>源文件\AutoMem</Filter>
    </ClCompile>
    <ClCompile Include="AutoMem\LetObject.cpp">
      <Filter>源文件\AutoMem</Filter>
    </ClCompile>
    <ClCompile Include="AutoMem\LetObjectOperator.cpp">
      <Filter>源文件\AutoMem</Filter>
    </ClCompile>
    <ClCompile Include="AutoMem\LetTools.cpp">
      <Filter>源文件\AutoMem</Filter>
    </ClCompile>
    <ClCompile Include="NewObject\sources\CerObject.cpp">
      <Filter>源文件\NewObject</Filter>
    </ClCompile>
    <ClCompile Include="NewObject\sources\CerObjectDebug.cpp">
      <Filter>源文件\NewObject</Filter>
    </ClCompile>
    <ClCompile Include="NewObject\sources\CerObjectDef.cpp">
      <Filter>源文件\NewObject</Filter>
    </ClCompile>
    <ClCompile Include="NewObject\sources\CerObjectManager.cpp">
      <Filter>源文件\NewObject</Filter>
    </ClCompile>
  </ItemGroup>
  <ItemGroup>
    <ClInclude Include="AutoMem\LetArrayMotion.h">
      <Filter>头文件\AutoMem</Filter>
    </ClInclude>
    <ClInclude Include="AutoMem\letMacro.h">
      <Filter>头文件\AutoMem</Filter>
    </ClInclude>
    <ClInclude Include="AutoMem\LetManager.h">
      <Filter>头文件\AutoMem</Filter>
    </ClInclude>
    <ClInclude Include="AutoMem\LetObject.h">
      <Filter>头文件\AutoMem</Filter>
    </ClInclude>
    <ClInclude Include="NewObject\headers\CerObject.h">
      <Filter>头文件\NewObject</Filter>
    </ClInclude>
    <ClInclude Include="NewObject\headers\CerObjectDebug.h">
      <Filter>头文件\NewObject</Filter>
    </ClInclude>
    <ClInclude Include="NewObject\headers\CerObjectDef.h">
      <Filter>头文件\NewObject</Filter>
    </ClInclude>
    <ClInclude Include="NewObject\headers\CerObjectManager.h">
      <Filter>头文件\NewObject</Filter>
    </ClInclude>
  </ItemGroup>
  <ItemGroup>
    <Text Include="Version\readme.txt">
      <Filter>资源文件</Filter>
    </Text>
  </ItemGroup>
  <ItemGroup>
    <None Include="AutoMem\LetArrayMotion.tpp">
      <Filter>源文件\AutoMem</Filter>
    </None>
    <None Include="AutoMem\LetObject.tpp">
      <Filter>源文件\AutoMem</Filter>
    </None>
  </ItemGroup>
</Project>